
Microsoft Visual Studio Solution File, Format Version 11.00
# Visual Studio 2010
Project("{FAE04EC0-301F-11D3-BF4B-00C04F79EFBC}") = "AppServer", "AppServer\AppServer\AppServer.csproj", "{E4E82937-5C5D-4BF3-BE00-273C5FFB24B6}"
EndProject
Project("{FAE04EC0-301F-11D3-BF4B-00C04F79EFBC}") = "Bussiness", "AppServer\Bussiness\Bussiness.csproj", "{7F48C880-646D-4683-AE29-F5A94AFC4506}"
EndProject
Project("{FAE04EC0-301F-11D3-BF4B-00C04F79EFBC}") = "DataAccess", "AppServer\DataAccess\DataAccess.csproj", "{CE9A2C93-797E-496D-980C-572026E51D4A}"
EndProject
Project("{FAE04EC0-301F-11D3-BF4B-00C04F79EFBC}") = "Remoting", "AppServer\Remoting\Remoting.csproj", "{72D294BC-5769-4C3F-BF11-B015CA4E069B}"
EndProject
Project("{FAE04EC0-301F-11D3-BF4B-00C04F79EFBC}") = "Application", "AppServer\Application\Application.csproj", "{382CB7F3-5AA2-41FE-97D9-DAE3260B29D6}"
EndProject
Project("{FAE04EC0-301F-11D3-BF4B-00C04F79EFBC}") = "ParamLibrary", "AppServer\ParamLibrary\ParamLibrary.csproj", "{9998DAF9-2032-4593-8744-69BAC50FAF65}"
EndProject
Project("{FAE04EC0-301F-11D3-BF4B-00C04F79EFBC}") = "Protocol", "AppServer\Protocol\Protocol.csproj", "{0B7F2E08-1E55-4493-BEC3-34AB88B01B38}"
EndProject
Project("{FAE04EC0-301F-11D3-BF4B-00C04F79EFBC}") = "Contract", "AppServer\Contract\Contract.csproj", "{A2B2BDEC-BD4D-4681-B99C-F648E9EF14E7}"
EndProject
Project("{FAE04EC0-301F-11D3-BF4B-00C04F79EFBC}") = "AppServerParam", "AppServer\AppServerParam\AppServerParam.csproj", "{E1A429B8-A01F-432C-B2C4-65969D5D49C3}"
EndProject
Project("{FAE04EC0-301F-11D3-BF4B-00C04F79EFBC}") = "PublicClass", "AppServer\PublicClass\PublicClass.csproj", "{87AD003F-27F0-4B2B-A3D3-0A01F717ECAA}"
EndProject
Project("{2150E333-8FDC-42A3-9474-1A3956D46DE8}") = "AppServer", "AppServer", "{BDECF547-1924-476D-A889-4C43CD0F6087}"
EndProject
Project("{2150E333-8FDC-42A3-9474-1A3956D46DE8}") = "Client", "Client", "{55FC8F0E-ED8E-4CA0-9402-2C555709E31B}"
EndProject
Project("{FAE04EC0-301F-11D3-BF4B-00C04F79EFBC}") = "Client", "Client\Client\Client.csproj", "{2D6F6234-E2D0-4D04-ACF2-8908353B5B55}"
EndProject
Project("{FAE04EC0-301F-11D3-BF4B-00C04F79EFBC}") = "Controls", "Client\Controls\Controls.csproj", "{16B8D99C-9EF8-476F-92D1-DC94FB393AEA}"
EndProject
Project("{FAE04EC0-301F-11D3-BF4B-00C04F79EFBC}") = "Plugin", "Client\Plugin\Plugin.csproj", "{366BE2FE-03DC-4368-A9AF-CC538EDABB28}"
EndProject
Project("{FAE04EC0-301F-11D3-BF4B-00C04F79EFBC}") = "PublicClass", "Client\PublicClass\PublicClass.csproj", "{1EB863EC-FCCA-4AC0-8A50-3ED52FAADE68}"
EndProject
Project("{FAE04EC0-301F-11D3-BF4B-00C04F79EFBC}") = "Remoting", "Client\Remoting\Remoting.csproj", "{2787D492-BB9C-4E6A-8274-283E2EBB863E}"
EndProject
Project("{FAE04EC0-301F-11D3-BF4B-00C04F79EFBC}") = "WinFormsUI", "Client\WinFormsUI\WinFormsUI.csproj", "{C75532C4-765B-418E-B09B-46D36B2ABDB1}"
EndProject
Project("{2150E333-8FDC-42A3-9474-1A3956D46DE8}") = "TimerServer", "TimerServer", "{2F4C5347-863C-4F73-A851-B56C4CC1D3F8}"
EndProject
Project("{FAE04EC0-301F-11D3-BF4B-00C04F79EFBC}") = "TimerParam", "AppTimerServer\AppTimerParam\TimerParam.csproj", "{44A97DCB-128E-4842-9D0B-6A456F4FD904}"
EndProject
Project("{FAE04EC0-301F-11D3-BF4B-00C04F79EFBC}") = "TimerServer", "AppTimerServer\AppTimerServer\TimerServer.csproj", "{DB4D6FF2-31F0-4EDE-9FBB-506CE803A191}"
EndProject
Project("{FAE04EC0-301F-11D3-BF4B-00C04F79EFBC}") = "Bussiness", "AppTimerServer\Bussiness\Bussiness.csproj", "{F3877B68-0F91-4CC2-99B1-A5698F117C67}"
EndProject
Project("{FAE04EC0-301F-11D3-BF4B-00C04F79EFBC}") = "GisServices", "AppTimerServer\GisServices\GisServices.csproj", "{91CB43DA-D013-4AAD-A62E-A10E02694823}"
EndProject
Global
	GlobalSection(SolutionConfigurationPlatforms) = preSolution
		Debug|Any CPU = Debug|Any CPU
		Debug|Mixed Platforms = Debug|Mixed Platforms
		Debug|x64 = Debug|x64
		Debug|x86 = Debug|x86
		Release|Any CPU = Release|Any CPU
		Release|Mixed Platforms = Release|Mixed Platforms
		Release|x64 = Release|x64
		Release|x86 = Release|x86
	EndGlobalSection
	GlobalSection(ProjectConfigurationPlatforms) = postSolution
		{E4E82937-5C5D-4BF3-BE00-273C5FFB24B6}.Debug|Any CPU.ActiveCfg = Debug|Any CPU
		{E4E82937-5C5D-4BF3-BE00-273C5FFB24B6}.Debug|Any CPU.Build.0 = Debug|Any CPU
		{E4E82937-5C5D-4BF3-BE00-273C5FFB24B6}.Debug|Mixed Platforms.ActiveCfg = Debug|Any CPU
		{E4E82937-5C5D-4BF3-BE00-273C5FFB24B6}.Debug|Mixed Platforms.Build.0 = Debug|Any CPU
		{E4E82937-5C5D-4BF3-BE00-273C5FFB24B6}.Debug|x64.ActiveCfg = Debug|x64
		{E4E82937-5C5D-4BF3-BE00-273C5FFB24B6}.Debug|x64.Build.0 = Debug|x64
		{E4E82937-5C5D-4BF3-BE00-273C5FFB24B6}.Debug|x86.ActiveCfg = Debug|Any CPU
		{E4E82937-5C5D-4BF3-BE00-273C5FFB24B6}.Debug|x86.Build.0 = Debug|Any CPU
		{E4E82937-5C5D-4BF3-BE00-273C5FFB24B6}.Release|Any CPU.ActiveCfg = Release|Any CPU
		{E4E82937-5C5D-4BF3-BE00-273C5FFB24B6}.Release|Any CPU.Build.0 = Release|Any CPU
		{E4E82937-5C5D-4BF3-BE00-273C5FFB24B6}.Release|Mixed Platforms.ActiveCfg = Release|Any CPU
		{E4E82937-5C5D-4BF3-BE00-273C5FFB24B6}.Release|Mixed Platforms.Build.0 = Release|Any CPU
		{E4E82937-5C5D-4BF3-BE00-273C5FFB24B6}.Release|x64.ActiveCfg = Release|x64
		{E4E82937-5C5D-4BF3-BE00-273C5FFB24B6}.Release|x64.Build.0 = Release|x64
		{E4E82937-5C5D-4BF3-BE00-273C5FFB24B6}.Release|x86.ActiveCfg = Release|Any CPU
		{E4E82937-5C5D-4BF3-BE00-273C5FFB24B6}.Release|x86.Build.0 = Release|Any CPU
		{7F48C880-646D-4683-AE29-F5A94AFC4506}.Debug|Any CPU.ActiveCfg = Debug|Any CPU
		{7F48C880-646D-4683-AE29-F5A94AFC4506}.Debug|Any CPU.Build.0 = Debug|Any CPU
		{7F48C880-646D-4683-AE29-F5A94AFC4506}.Debug|Mixed Platforms.ActiveCfg = Debug|Any CPU
		{7F48C880-646D-4683-AE29-F5A94AFC4506}.Debug|Mixed Platforms.Build.0 = Debug|Any CPU
		{7F48C880-646D-4683-AE29-F5A94AFC4506}.Debug|x64.ActiveCfg = Debug|x64
		{7F48C880-646D-4683-AE29-F5A94AFC4506}.Debug|x64.Build.0 = Debug|x64
		{7F48C880-646D-4683-AE29-F5A94AFC4506}.Debug|x86.ActiveCfg = Debug|Any CPU
		{7F48C880-646D-4683-AE29-F5A94AFC4506}.Release|Any CPU.ActiveCfg = Release|Any CPU
		{7F48C880-646D-4683-AE29-F5A94AFC4506}.Release|Any CPU.Build.0 = Release|Any CPU
		{7F48C880-646D-4683-AE29-F5A94AFC4506}.Release|Mixed Platforms.ActiveCfg = Release|Any CPU
		{7F48C880-646D-4683-AE29-F5A94AFC4506}.Release|Mixed Platforms.Build.0 = Release|Any CPU
		{7F48C880-646D-4683-AE29-F5A94AFC4506}.Release|x64.ActiveCfg = Release|x64
		{7F48C880-646D-4683-AE29-F5A94AFC4506}.Release|x64.Build.0 = Release|x64
		{7F48C880-646D-4683-AE29-F5A94AFC4506}.Release|x86.ActiveCfg = Release|Any CPU
		{7F48C880-646D-4683-AE29-F5A94AFC4506}.Release|x86.Build.0 = Release|Any CPU
		{CE9A2C93-797E-496D-980C-572026E51D4A}.Debug|Any CPU.ActiveCfg = Debug|Any CPU
		{CE9A2C93-797E-496D-980C-572026E51D4A}.Debug|Any CPU.Build.0 = Debug|Any CPU
		{CE9A2C93-797E-496D-980C-572026E51D4A}.Debug|Mixed Platforms.ActiveCfg = Debug|Any CPU
		{CE9A2C93-797E-496D-980C-572026E51D4A}.Debug|Mixed Platforms.Build.0 = Debug|Any CPU
		{CE9A2C93-797E-496D-980C-572026E51D4A}.Debug|x64.ActiveCfg = Debug|x64
		{CE9A2C93-797E-496D-980C-572026E51D4A}.Debug|x64.Build.0 = Debug|x64
		{CE9A2C93-797E-496D-980C-572026E51D4A}.Debug|x86.ActiveCfg = Debug|Any CPU
		{CE9A2C93-797E-496D-980C-572026E51D4A}.Release|Any CPU.ActiveCfg = Release|Any CPU
		{CE9A2C93-797E-496D-980C-572026E51D4A}.Release|Any CPU.Build.0 = Release|Any CPU
		{CE9A2C93-797E-496D-980C-572026E51D4A}.Release|Mixed Platforms.ActiveCfg = Release|Any CPU
		{CE9A2C93-797E-496D-980C-572026E51D4A}.Release|Mixed Platforms.Build.0 = Release|Any CPU
		{CE9A2C93-797E-496D-980C-572026E51D4A}.Release|x64.ActiveCfg = Release|x64
		{CE9A2C93-797E-496D-980C-572026E51D4A}.Release|x64.Build.0 = Release|x64
		{CE9A2C93-797E-496D-980C-572026E51D4A}.Release|x86.ActiveCfg = Release|Any CPU
		{CE9A2C93-797E-496D-980C-572026E51D4A}.Release|x86.Build.0 = Release|Any CPU
		{72D294BC-5769-4C3F-BF11-B015CA4E069B}.Debug|Any CPU.ActiveCfg = Debug|Any CPU
		{72D294BC-5769-4C3F-BF11-B015CA4E069B}.Debug|Any CPU.Build.0 = Debug|Any CPU
		{72D294BC-5769-4C3F-BF11-B015CA4E069B}.Debug|Mixed Platforms.ActiveCfg = Debug|Any CPU
		{72D294BC-5769-4C3F-BF11-B015CA4E069B}.Debug|Mixed Platforms.Build.0 = Debug|Any CPU
		{72D294BC-5769-4C3F-BF11-B015CA4E069B}.Debug|x64.ActiveCfg = Debug|x64
		{72D294BC-5769-4C3F-BF11-B015CA4E069B}.Debug|x64.Build.0 = Debug|x64
		{72D294BC-5769-4C3F-BF11-B015CA4E069B}.Debug|x86.ActiveCfg = Debug|Any CPU
		{72D294BC-5769-4C3F-BF11-B015CA4E069B}.Release|Any CPU.ActiveCfg = Release|Any CPU
		{72D294BC-5769-4C3F-BF11-B015CA4E069B}.Release|Any CPU.Build.0 = Release|Any CPU
		{72D294BC-5769-4C3F-BF11-B015CA4E069B}.Release|Mixed Platforms.ActiveCfg = Release|Any CPU
		{72D294BC-5769-4C3F-BF11-B015CA4E069B}.Release|Mixed Platforms.Build.0 = Release|Any CPU
		{72D294BC-5769-4C3F-BF11-B015CA4E069B}.Release|x64.ActiveCfg = Release|x64
		{72D294BC-5769-4C3F-BF11-B015CA4E069B}.Release|x64.Build.0 = Release|x64
		{72D294BC-5769-4C3F-BF11-B015CA4E069B}.Release|x86.ActiveCfg = Release|Any CPU
		{72D294BC-5769-4C3F-BF11-B015CA4E069B}.Release|x86.Build.0 = Release|Any CPU
		{382CB7F3-5AA2-41FE-97D9-DAE3260B29D6}.Debug|Any CPU.ActiveCfg = Debug|Any CPU
		{382CB7F3-5AA2-41FE-97D9-DAE3260B29D6}.Debug|Any CPU.Build.0 = Debug|Any CPU
		{382CB7F3-5AA2-41FE-97D9-DAE3260B29D6}.Debug|Mixed Platforms.ActiveCfg = Debug|Any CPU
		{382CB7F3-5AA2-41FE-97D9-DAE3260B29D6}.Debug|Mixed Platforms.Build.0 = Debug|Any CPU
		{382CB7F3-5AA2-41FE-97D9-DAE3260B29D6}.Debug|x64.ActiveCfg = Debug|x64
		{382CB7F3-5AA2-41FE-97D9-DAE3260B29D6}.Debug|x64.Build.0 = Debug|x64
		{382CB7F3-5AA2-41FE-97D9-DAE3260B29D6}.Debug|x86.ActiveCfg = Debug|Any CPU
		{382CB7F3-5AA2-41FE-97D9-DAE3260B29D6}.Release|Any CPU.ActiveCfg = Release|Any CPU
		{382CB7F3-5AA2-41FE-97D9-DAE3260B29D6}.Release|Any CPU.Build.0 = Release|Any CPU
		{382CB7F3-5AA2-41FE-97D9-DAE3260B29D6}.Release|Mixed Platforms.ActiveCfg = Release|Any CPU
		{382CB7F3-5AA2-41FE-97D9-DAE3260B29D6}.Release|Mixed Platforms.Build.0 = Release|Any CPU
		{382CB7F3-5AA2-41FE-97D9-DAE3260B29D6}.Release|x64.ActiveCfg = Release|x64
		{382CB7F3-5AA2-41FE-97D9-DAE3260B29D6}.Release|x64.Build.0 = Release|x64
		{382CB7F3-5AA2-41FE-97D9-DAE3260B29D6}.Release|x86.ActiveCfg = Release|Any CPU
		{382CB7F3-5AA2-41FE-97D9-DAE3260B29D6}.Release|x86.Build.0 = Release|Any CPU
		{9998DAF9-2032-4593-8744-69BAC50FAF65}.Debug|Any CPU.ActiveCfg = Debug|Any CPU
		{9998DAF9-2032-4593-8744-69BAC50FAF65}.Debug|Any CPU.Build.0 = Debug|Any CPU
		{9998DAF9-2032-4593-8744-69BAC50FAF65}.Debug|Mixed Platforms.ActiveCfg = Debug|Any CPU
		{9998DAF9-2032-4593-8744-69BAC50FAF65}.Debug|Mixed Platforms.Build.0 = Debug|Any CPU
		{9998DAF9-2032-4593-8744-69BAC50FAF65}.Debug|x64.ActiveCfg = Debug|x64
		{9998DAF9-2032-4593-8744-69BAC50FAF65}.Debug|x64.Build.0 = Debug|x64
		{9998DAF9-2032-4593-8744-69BAC50FAF65}.Debug|x86.ActiveCfg = Debug|Any CPU
		{9998DAF9-2032-4593-8744-69BAC50FAF65}.Release|Any CPU.ActiveCfg = Release|Any CPU
		{9998DAF9-2032-4593-8744-69BAC50FAF65}.Release|Any CPU.Build.0 = Release|Any CPU
		{9998DAF9-2032-4593-8744-69BAC50FAF65}.Release|Mixed Platforms.ActiveCfg = Release|Any CPU
		{9998DAF9-2032-4593-8744-69BAC50FAF65}.Release|Mixed Platforms.Build.0 = Release|Any CPU
		{9998DAF9-2032-4593-8744-69BAC50FAF65}.Release|x64.ActiveCfg = Release|x64
		{9998DAF9-2032-4593-8744-69BAC50FAF65}.Release|x64.Build.0 = Release|x64
		{9998DAF9-2032-4593-8744-69BAC50FAF65}.Release|x86.ActiveCfg = Release|Any CPU
		{9998DAF9-2032-4593-8744-69BAC50FAF65}.Release|x86.Build.0 = Release|Any CPU
		{0B7F2E08-1E55-4493-BEC3-34AB88B01B38}.Debug|Any CPU.ActiveCfg = Debug|Any CPU
		{0B7F2E08-1E55-4493-BEC3-34AB88B01B38}.Debug|Any CPU.Build.0 = Debug|Any CPU
		{0B7F2E08-1E55-4493-BEC3-34AB88B01B38}.Debug|Mixed Platforms.ActiveCfg = Debug|Any CPU
		{0B7F2E08-1E55-4493-BEC3-34AB88B01B38}.Debug|Mixed Platforms.Build.0 = Debug|Any CPU
		{0B7F2E08-1E55-4493-BEC3-34AB88B01B38}.Debug|x64.ActiveCfg = Debug|x64
		{0B7F2E08-1E55-4493-BEC3-34AB88B01B38}.Debug|x64.Build.0 = Debug|x64
		{0B7F2E08-1E55-4493-BEC3-34AB88B01B38}.Debug|x86.ActiveCfg = Debug|Any CPU
		{0B7F2E08-1E55-4493-BEC3-34AB88B01B38}.Release|Any CPU.ActiveCfg = Release|Any CPU
		{0B7F2E08-1E55-4493-BEC3-34AB88B01B38}.Release|Any CPU.Build.0 = Release|Any CPU
		{0B7F2E08-1E55-4493-BEC3-34AB88B01B38}.Release|Mixed Platforms.ActiveCfg = Release|Any CPU
		{0B7F2E08-1E55-4493-BEC3-34AB88B01B38}.Release|Mixed Platforms.Build.0 = Release|Any CPU
		{0B7F2E08-1E55-4493-BEC3-34AB88B01B38}.Release|x64.ActiveCfg = Release|x64
		{0B7F2E08-1E55-4493-BEC3-34AB88B01B38}.Release|x64.Build.0 = Release|x64
		{0B7F2E08-1E55-4493-BEC3-34AB88B01B38}.Release|x86.ActiveCfg = Release|Any CPU
		{0B7F2E08-1E55-4493-BEC3-34AB88B01B38}.Release|x86.Build.0 = Release|Any CPU
		{A2B2BDEC-BD4D-4681-B99C-F648E9EF14E7}.Debug|Any CPU.ActiveCfg = Debug|Any CPU
		{A2B2BDEC-BD4D-4681-B99C-F648E9EF14E7}.Debug|Any CPU.Build.0 = Debug|Any CPU
		{A2B2BDEC-BD4D-4681-B99C-F648E9EF14E7}.Debug|Mixed Platforms.ActiveCfg = Debug|Any CPU
		{A2B2BDEC-BD4D-4681-B99C-F648E9EF14E7}.Debug|Mixed Platforms.Build.0 = Debug|Any CPU
		{A2B2BDEC-BD4D-4681-B99C-F648E9EF14E7}.Debug|x64.ActiveCfg = Debug|x64
		{A2B2BDEC-BD4D-4681-B99C-F648E9EF14E7}.Debug|x64.Build.0 = Debug|x64
		{A2B2BDEC-BD4D-4681-B99C-F648E9EF14E7}.Debug|x86.ActiveCfg = Debug|Any CPU
		{A2B2BDEC-BD4D-4681-B99C-F648E9EF14E7}.Release|Any CPU.ActiveCfg = Release|Any CPU
		{A2B2BDEC-BD4D-4681-B99C-F648E9EF14E7}.Release|Any CPU.Build.0 = Release|Any CPU
		{A2B2BDEC-BD4D-4681-B99C-F648E9EF14E7}.Release|Mixed Platforms.ActiveCfg = Release|Any CPU
		{A2B2BDEC-BD4D-4681-B99C-F648E9EF14E7}.Release|Mixed Platforms.Build.0 = Release|Any CPU
		{A2B2BDEC-BD4D-4681-B99C-F648E9EF14E7}.Release|x64.ActiveCfg = Release|x64
		{A2B2BDEC-BD4D-4681-B99C-F648E9EF14E7}.Release|x64.Build.0 = Release|x64
		{A2B2BDEC-BD4D-4681-B99C-F648E9EF14E7}.Release|x86.ActiveCfg = Release|Any CPU
		{A2B2BDEC-BD4D-4681-B99C-F648E9EF14E7}.Release|x86.Build.0 = Release|Any CPU
		{E1A429B8-A01F-432C-B2C4-65969D5D49C3}.Debug|Any CPU.ActiveCfg = Debug|Any CPU
		{E1A429B8-A01F-432C-B2C4-65969D5D49C3}.Debug|Any CPU.Build.0 = Debug|Any CPU
		{E1A429B8-A01F-432C-B2C4-65969D5D49C3}.Debug|Mixed Platforms.ActiveCfg = Debug|Any CPU
		{E1A429B8-A01F-432C-B2C4-65969D5D49C3}.Debug|Mixed Platforms.Build.0 = Debug|Any CPU
		{E1A429B8-A01F-432C-B2C4-65969D5D49C3}.Debug|x64.ActiveCfg = Debug|x64
		{E1A429B8-A01F-432C-B2C4-65969D5D49C3}.Debug|x64.Build.0 = Debug|x64
		{E1A429B8-A01F-432C-B2C4-65969D5D49C3}.Debug|x86.ActiveCfg = Debug|Any CPU
		{E1A429B8-A01F-432C-B2C4-65969D5D49C3}.Release|Any CPU.ActiveCfg = Release|Any CPU
		{E1A429B8-A01F-432C-B2C4-65969D5D49C3}.Release|Any CPU.Build.0 = Release|Any CPU
		{E1A429B8-A01F-432C-B2C4-65969D5D49C3}.Release|Mixed Platforms.ActiveCfg = Release|Any CPU
		{E1A429B8-A01F-432C-B2C4-65969D5D49C3}.Release|Mixed Platforms.Build.0 = Release|Any CPU
		{E1A429B8-A01F-432C-B2C4-65969D5D49C3}.Release|x64.ActiveCfg = Release|x64
		{E1A429B8-A01F-432C-B2C4-65969D5D49C3}.Release|x64.Build.0 = Release|x64
		{E1A429B8-A01F-432C-B2C4-65969D5D49C3}.Release|x86.ActiveCfg = Release|Any CPU
		{E1A429B8-A01F-432C-B2C4-65969D5D49C3}.Release|x86.Build.0 = Release|Any CPU
		{87AD003F-27F0-4B2B-A3D3-0A01F717ECAA}.Debug|Any CPU.ActiveCfg = Debug|Any CPU
		{87AD003F-27F0-4B2B-A3D3-0A01F717ECAA}.Debug|Any CPU.Build.0 = Debug|Any CPU
		{87AD003F-27F0-4B2B-A3D3-0A01F717ECAA}.Debug|Mixed Platforms.ActiveCfg = Debug|Any CPU
		{87AD003F-27F0-4B2B-A3D3-0A01F717ECAA}.Debug|Mixed Platforms.Build.0 = Debug|Any CPU
		{87AD003F-27F0-4B2B-A3D3-0A01F717ECAA}.Debug|x64.ActiveCfg = Debug|x64
		{87AD003F-27F0-4B2B-A3D3-0A01F717ECAA}.Debug|x64.Build.0 = Debug|x64
		{87AD003F-27F0-4B2B-A3D3-0A01F717ECAA}.Debug|x86.ActiveCfg = Debug|Any CPU
		{87AD003F-27F0-4B2B-A3D3-0A01F717ECAA}.Release|Any CPU.ActiveCfg = Release|Any CPU
		{87AD003F-27F0-4B2B-A3D3-0A01F717ECAA}.Release|Any CPU.Build.0 = Release|Any CPU
		{87AD003F-27F0-4B2B-A3D3-0A01F717ECAA}.Release|Mixed Platforms.ActiveCfg = Release|Any CPU
		{87AD003F-27F0-4B2B-A3D3-0A01F717ECAA}.Release|Mixed Platforms.Build.0 = Release|Any CPU
		{87AD003F-27F0-4B2B-A3D3-0A01F717ECAA}.Release|x64.ActiveCfg = Release|x64
		{87AD003F-27F0-4B2B-A3D3-0A01F717ECAA}.Release|x64.Build.0 = Release|x64
		{87AD003F-27F0-4B2B-A3D3-0A01F717ECAA}.Release|x86.ActiveCfg = Release|Any CPU
		{87AD003F-27F0-4B2B-A3D3-0A01F717ECAA}.Release|x86.Build.0 = Release|Any CPU
		{2D6F6234-E2D0-4D04-ACF2-8908353B5B55}.Debug|Any CPU.ActiveCfg = Debug|Any CPU
		{2D6F6234-E2D0-4D04-ACF2-8908353B5B55}.Debug|Any CPU.Build.0 = Debug|Any CPU
		{2D6F6234-E2D0-4D04-ACF2-8908353B5B55}.Debug|Mixed Platforms.ActiveCfg = Debug|x86
		{2D6F6234-E2D0-4D04-ACF2-8908353B5B55}.Debug|Mixed Platforms.Build.0 = Debug|x86
		{2D6F6234-E2D0-4D04-ACF2-8908353B5B55}.Debug|x64.ActiveCfg = Debug|x86
		{2D6F6234-E2D0-4D04-ACF2-8908353B5B55}.Debug|x86.ActiveCfg = Debug|x86
		{2D6F6234-E2D0-4D04-ACF2-8908353B5B55}.Debug|x86.Build.0 = Debug|x86
		{2D6F6234-E2D0-4D04-ACF2-8908353B5B55}.Release|Any CPU.ActiveCfg = Release|Any CPU
		{2D6F6234-E2D0-4D04-ACF2-8908353B5B55}.Release|Any CPU.Build.0 = Release|Any CPU
		{2D6F6234-E2D0-4D04-ACF2-8908353B5B55}.Release|Mixed Platforms.ActiveCfg = Release|x86
		{2D6F6234-E2D0-4D04-ACF2-8908353B5B55}.Release|Mixed Platforms.Build.0 = Release|x86
		{2D6F6234-E2D0-4D04-ACF2-8908353B5B55}.Release|x64.ActiveCfg = Release|x86
		{2D6F6234-E2D0-4D04-ACF2-8908353B5B55}.Release|x86.ActiveCfg = Release|x86
		{2D6F6234-E2D0-4D04-ACF2-8908353B5B55}.Release|x86.Build.0 = Release|x86
		{16B8D99C-9EF8-476F-92D1-DC94FB393AEA}.Debug|Any CPU.ActiveCfg = Debug|Any CPU
		{16B8D99C-9EF8-476F-92D1-DC94FB393AEA}.Debug|Any CPU.Build.0 = Debug|Any CPU
		{16B8D99C-9EF8-476F-92D1-DC94FB393AEA}.Debug|Mixed Platforms.ActiveCfg = Debug|Any CPU
		{16B8D99C-9EF8-476F-92D1-DC94FB393AEA}.Debug|Mixed Platforms.Build.0 = Debug|Any CPU
		{16B8D99C-9EF8-476F-92D1-DC94FB393AEA}.Debug|x64.ActiveCfg = Debug|Any CPU
		{16B8D99C-9EF8-476F-92D1-DC94FB393AEA}.Debug|x86.ActiveCfg = Debug|Any CPU
		{16B8D99C-9EF8-476F-92D1-DC94FB393AEA}.Release|Any CPU.ActiveCfg = Release|Any CPU
		{16B8D99C-9EF8-476F-92D1-DC94FB393AEA}.Release|Any CPU.Build.0 = Release|Any CPU
		{16B8D99C-9EF8-476F-92D1-DC94FB393AEA}.Release|Mixed Platforms.ActiveCfg = Release|Any CPU
		{16B8D99C-9EF8-476F-92D1-DC94FB393AEA}.Release|Mixed Platforms.Build.0 = Release|Any CPU
		{16B8D99C-9EF8-476F-92D1-DC94FB393AEA}.Release|x64.ActiveCfg = Release|Any CPU
		{16B8D99C-9EF8-476F-92D1-DC94FB393AEA}.Release|x86.ActiveCfg = Release|Any CPU
		{366BE2FE-03DC-4368-A9AF-CC538EDABB28}.Debug|Any CPU.ActiveCfg = Debug|Any CPU
		{366BE2FE-03DC-4368-A9AF-CC538EDABB28}.Debug|Any CPU.Build.0 = Debug|Any CPU
		{366BE2FE-03DC-4368-A9AF-CC538EDABB28}.Debug|Mixed Platforms.ActiveCfg = Debug|Any CPU
		{366BE2FE-03DC-4368-A9AF-CC538EDABB28}.Debug|Mixed Platforms.Build.0 = Debug|Any CPU
		{366BE2FE-03DC-4368-A9AF-CC538EDABB28}.Debug|x64.ActiveCfg = Debug|Any CPU
		{366BE2FE-03DC-4368-A9AF-CC538EDABB28}.Debug|x86.ActiveCfg = Debug|Any CPU
		{366BE2FE-03DC-4368-A9AF-CC538EDABB28}.Release|Any CPU.ActiveCfg = Release|Any CPU
		{366BE2FE-03DC-4368-A9AF-CC538EDABB28}.Release|Any CPU.Build.0 = Release|Any CPU
		{366BE2FE-03DC-4368-A9AF-CC538EDABB28}.Release|Mixed Platforms.ActiveCfg = Release|Any CPU
		{366BE2FE-03DC-4368-A9AF-CC538EDABB28}.Release|Mixed Platforms.Build.0 = Release|Any CPU
		{366BE2FE-03DC-4368-A9AF-CC538EDABB28}.Release|x64.ActiveCfg = Release|Any CPU
		{366BE2FE-03DC-4368-A9AF-CC538EDABB28}.Release|x86.ActiveCfg = Release|Any CPU
		{1EB863EC-FCCA-4AC0-8A50-3ED52FAADE68}.Debug|Any CPU.ActiveCfg = Debug|Any CPU
		{1EB863EC-FCCA-4AC0-8A50-3ED52FAADE68}.Debug|Any CPU.Build.0 = Debug|Any CPU
		{1EB863EC-FCCA-4AC0-8A50-3ED52FAADE68}.Debug|Mixed Platforms.ActiveCfg = Debug|Any CPU
		{1EB863EC-FCCA-4AC0-8A50-3ED52FAADE68}.Debug|Mixed Platforms.Build.0 = Debug|Any CPU
		{1EB863EC-FCCA-4AC0-8A50-3ED52FAADE68}.Debug|x64.ActiveCfg = Debug|x86
		{1EB863EC-FCCA-4AC0-8A50-3ED52FAADE68}.Debug|x86.ActiveCfg = Debug|x86
		{1EB863EC-FCCA-4AC0-8A50-3ED52FAADE68}.Debug|x86.Build.0 = Debug|x86
		{1EB863EC-FCCA-4AC0-8A50-3ED52FAADE68}.Release|Any CPU.ActiveCfg = Release|Any CPU
		{1EB863EC-FCCA-4AC0-8A50-3ED52FAADE68}.Release|Any CPU.Build.0 = Release|Any CPU
		{1EB863EC-FCCA-4AC0-8A50-3ED52FAADE68}.Release|Mixed Platforms.ActiveCfg = Release|x86
		{1EB863EC-FCCA-4AC0-8A50-3ED52FAADE68}.Release|Mixed Platforms.Build.0 = Release|x86
		{1EB863EC-FCCA-4AC0-8A50-3ED52FAADE68}.Release|x64.ActiveCfg = Release|x86
		{1EB863EC-FCCA-4AC0-8A50-3ED52FAADE68}.Release|x86.ActiveCfg = Release|x86
		{1EB863EC-FCCA-4AC0-8A50-3ED52FAADE68}.Release|x86.Build.0 = Release|x86
		{2787D492-BB9C-4E6A-8274-283E2EBB863E}.Debug|Any CPU.ActiveCfg = Debug|Any CPU
		{2787D492-BB9C-4E6A-8274-283E2EBB863E}.Debug|Any CPU.Build.0 = Debug|Any CPU
		{2787D492-BB9C-4E6A-8274-283E2EBB863E}.Debug|Mixed Platforms.ActiveCfg = Debug|Any CPU
		{2787D492-BB9C-4E6A-8274-283E2EBB863E}.Debug|Mixed Platforms.Build.0 = Debug|Any CPU
		{2787D492-BB9C-4E6A-8274-283E2EBB863E}.Debug|x64.ActiveCfg = Debug|x86
		{2787D492-BB9C-4E6A-8274-283E2EBB863E}.Debug|x86.ActiveCfg = Debug|x86
		{2787D492-BB9C-4E6A-8274-283E2EBB863E}.Debug|x86.Build.0 = Debug|x86
		{2787D492-BB9C-4E6A-8274-283E2EBB863E}.Release|Any CPU.ActiveCfg = Release|Any CPU
		{2787D492-BB9C-4E6A-8274-283E2EBB863E}.Release|Any CPU.Build.0 = Release|Any CPU
		{2787D492-BB9C-4E6A-8274-283E2EBB863E}.Release|Mixed Platforms.ActiveCfg = Release|x86
		{2787D492-BB9C-4E6A-8274-283E2EBB863E}.Release|Mixed Platforms.Build.0 = Release|x86
		{2787D492-BB9C-4E6A-8274-283E2EBB863E}.Release|x64.ActiveCfg = Release|x86
		{2787D492-BB9C-4E6A-8274-283E2EBB863E}.Release|x86.ActiveCfg = Release|x86
		{2787D492-BB9C-4E6A-8274-283E2EBB863E}.Release|x86.Build.0 = Release|x86
		{C75532C4-765B-418E-B09B-46D36B2ABDB1}.Debug|Any CPU.ActiveCfg = Debug|Any CPU
		{C75532C4-765B-418E-B09B-46D36B2ABDB1}.Debug|Any CPU.Build.0 = Debug|Any CPU
		{C75532C4-765B-418E-B09B-46D36B2ABDB1}.Debug|Mixed Platforms.ActiveCfg = Debug|Any CPU
		{C75532C4-765B-418E-B09B-46D36B2ABDB1}.Debug|Mixed Platforms.Build.0 = Debug|Any CPU
		{C75532C4-765B-418E-B09B-46D36B2ABDB1}.Debug|x64.ActiveCfg = Debug|Any CPU
		{C75532C4-765B-418E-B09B-46D36B2ABDB1}.Debug|x86.ActiveCfg = Debug|Any CPU
		{C75532C4-765B-418E-B09B-46D36B2ABDB1}.Release|Any CPU.ActiveCfg = Release|Any CPU
		{C75532C4-765B-418E-B09B-46D36B2ABDB1}.Release|Any CPU.Build.0 = Release|Any CPU
		{C75532C4-765B-418E-B09B-46D36B2ABDB1}.Release|Mixed Platforms.ActiveCfg = Release|Any CPU
		{C75532C4-765B-418E-B09B-46D36B2ABDB1}.Release|Mixed Platforms.Build.0 = Release|Any CPU
		{C75532C4-765B-418E-B09B-46D36B2ABDB1}.Release|x64.ActiveCfg = Release|Any CPU
		{C75532C4-765B-418E-B09B-46D36B2ABDB1}.Release|x86.ActiveCfg = Release|Any CPU
		{44A97DCB-128E-4842-9D0B-6A456F4FD904}.Debug|Any CPU.ActiveCfg = Debug|x86
		{44A97DCB-128E-4842-9D0B-6A456F4FD904}.Debug|Mixed Platforms.ActiveCfg = Debug|x86
		{44A97DCB-128E-4842-9D0B-6A456F4FD904}.Debug|Mixed Platforms.Build.0 = Debug|x86
		{44A97DCB-128E-4842-9D0B-6A456F4FD904}.Debug|x64.ActiveCfg = Debug|x86
		{44A97DCB-128E-4842-9D0B-6A456F4FD904}.Debug|x86.ActiveCfg = Debug|x86
		{44A97DCB-128E-4842-9D0B-6A456F4FD904}.Debug|x86.Build.0 = Debug|x86
		{44A97DCB-128E-4842-9D0B-6A456F4FD904}.Release|Any CPU.ActiveCfg = Release|x86
		{44A97DCB-128E-4842-9D0B-6A456F4FD904}.Release|Mixed Platforms.ActiveCfg = Release|x86
		{44A97DCB-128E-4842-9D0B-6A456F4FD904}.Release|Mixed Platforms.Build.0 = Release|x86
		{44A97DCB-128E-4842-9D0B-6A456F4FD904}.Release|x64.ActiveCfg = Release|x86
		{44A97DCB-128E-4842-9D0B-6A456F4FD904}.Release|x86.ActiveCfg = Release|x86
		{44A97DCB-128E-4842-9D0B-6A456F4FD904}.Release|x86.Build.0 = Release|x86
		{DB4D6FF2-31F0-4EDE-9FBB-506CE803A191}.Debug|Any CPU.ActiveCfg = Debug|x86
		{DB4D6FF2-31F0-4EDE-9FBB-506CE803A191}.Debug|Mixed Platforms.ActiveCfg = Debug|x86
		{DB4D6FF2-31F0-4EDE-9FBB-506CE803A191}.Debug|Mixed Platforms.Build.0 = Debug|x86
		{DB4D6FF2-31F0-4EDE-9FBB-506CE803A191}.Debug|x64.ActiveCfg = Debug|x86
		{DB4D6FF2-31F0-4EDE-9FBB-506CE803A191}.Debug|x86.ActiveCfg = Debug|x86
		{DB4D6FF2-31F0-4EDE-9FBB-506CE803A191}.Debug|x86.Build.0 = Debug|x86
		{DB4D6FF2-31F0-4EDE-9FBB-506CE803A191}.Release|Any CPU.ActiveCfg = Release|x86
		{DB4D6FF2-31F0-4EDE-9FBB-506CE803A191}.Release|Mixed Platforms.ActiveCfg = Release|x86
		{DB4D6FF2-31F0-4EDE-9FBB-506CE803A191}.Release|Mixed Platforms.Build.0 = Release|x86
		{DB4D6FF2-31F0-4EDE-9FBB-506CE803A191}.Release|x64.ActiveCfg = Release|x86
		{DB4D6FF2-31F0-4EDE-9FBB-506CE803A191}.Release|x86.ActiveCfg = Release|x86
		{DB4D6FF2-31F0-4EDE-9FBB-506CE803A191}.Release|x86.Build.0 = Release|x86
		{F3877B68-0F91-4CC2-99B1-A5698F117C67}.Debug|Any CPU.ActiveCfg = Debug|x86
		{F3877B68-0F91-4CC2-99B1-A5698F117C67}.Debug|Mixed Platforms.ActiveCfg = Debug|x86
		{F3877B68-0F91-4CC2-99B1-A5698F117C67}.Debug|Mixed Platforms.Build.0 = Debug|x86
		{F3877B68-0F91-4CC2-99B1-A5698F117C67}.Debug|x64.ActiveCfg = Debug|x86
		{F3877B68-0F91-4CC2-99B1-A5698F117C67}.Debug|x86.ActiveCfg = Debug|x86
		{F3877B68-0F91-4CC2-99B1-A5698F117C67}.Debug|x86.Build.0 = Debug|x86
		{F3877B68-0F91-4CC2-99B1-A5698F117C67}.Release|Any CPU.ActiveCfg = Release|x86
		{F3877B68-0F91-4CC2-99B1-A5698F117C67}.Release|Mixed Platforms.ActiveCfg = Release|x86
		{F3877B68-0F91-4CC2-99B1-A5698F117C67}.Release|Mixed Platforms.Build.0 = Release|x86
		{F3877B68-0F91-4CC2-99B1-A5698F117C67}.Release|x64.ActiveCfg = Release|x86
		{F3877B68-0F91-4CC2-99B1-A5698F117C67}.Release|x86.ActiveCfg = Release|x86
		{F3877B68-0F91-4CC2-99B1-A5698F117C67}.Release|x86.Build.0 = Release|x86
		{91CB43DA-D013-4AAD-A62E-A10E02694823}.Debug|Any CPU.ActiveCfg = Debug|x86
		{91CB43DA-D013-4AAD-A62E-A10E02694823}.Debug|Mixed Platforms.ActiveCfg = Debug|x86
		{91CB43DA-D013-4AAD-A62E-A10E02694823}.Debug|Mixed Platforms.Build.0 = Debug|x86
		{91CB43DA-D013-4AAD-A62E-A10E02694823}.Debug|x64.ActiveCfg = Debug|x86
		{91CB43DA-D013-4AAD-A62E-A10E02694823}.Debug|x86.ActiveCfg = Debug|x86
		{91CB43DA-D013-4AAD-A62E-A10E02694823}.Debug|x86.Build.0 = Debug|x86
		{91CB43DA-D013-4AAD-A62E-A10E02694823}.Release|Any CPU.ActiveCfg = Release|x86
		{91CB43DA-D013-4AAD-A62E-A10E02694823}.Release|Mixed Platforms.ActiveCfg = Release|x86
		{91CB43DA-D013-4AAD-A62E-A10E02694823}.Release|Mixed Platforms.Build.0 = Release|x86
		{91CB43DA-D013-4AAD-A62E-A10E02694823}.Release|x64.ActiveCfg = Release|x86
		{91CB43DA-D013-4AAD-A62E-A10E02694823}.Release|x86.ActiveCfg = Release|x86
		{91CB43DA-D013-4AAD-A62E-A10E02694823}.Release|x86.Build.0 = Release|x86
	EndGlobalSection
	GlobalSection(SolutionProperties) = preSolution
		HideSolutionNode = FALSE
	EndGlobalSection
	GlobalSection(NestedProjects) = preSolution
		{7F48C880-646D-4683-AE29-F5A94AFC4506} = {BDECF547-1924-476D-A889-4C43CD0F6087}
		{CE9A2C93-797E-496D-980C-572026E51D4A} = {BDECF547-1924-476D-A889-4C43CD0F6087}
		{72D294BC-5769-4C3F-BF11-B015CA4E069B} = {BDECF547-1924-476D-A889-4C43CD0F6087}
		{382CB7F3-5AA2-41FE-97D9-DAE3260B29D6} = {BDECF547-1924-476D-A889-4C43CD0F6087}
		{9998DAF9-2032-4593-8744-69BAC50FAF65} = {BDECF547-1924-476D-A889-4C43CD0F6087}
		{0B7F2E08-1E55-4493-BEC3-34AB88B01B38} = {BDECF547-1924-476D-A889-4C43CD0F6087}
		{A2B2BDEC-BD4D-4681-B99C-F648E9EF14E7} = {BDECF547-1924-476D-A889-4C43CD0F6087}
		{E1A429B8-A01F-432C-B2C4-65969D5D49C3} = {BDECF547-1924-476D-A889-4C43CD0F6087}
		{87AD003F-27F0-4B2B-A3D3-0A01F717ECAA} = {BDECF547-1924-476D-A889-4C43CD0F6087}
		{E4E82937-5C5D-4BF3-BE00-273C5FFB24B6} = {BDECF547-1924-476D-A889-4C43CD0F6087}
		{2D6F6234-E2D0-4D04-ACF2-8908353B5B55} = {55FC8F0E-ED8E-4CA0-9402-2C555709E31B}
		{16B8D99C-9EF8-476F-92D1-DC94FB393AEA} = {55FC8F0E-ED8E-4CA0-9402-2C555709E31B}
		{366BE2FE-03DC-4368-A9AF-CC538EDABB28} = {55FC8F0E-ED8E-4CA0-9402-2C555709E31B}
		{1EB863EC-FCCA-4AC0-8A50-3ED52FAADE68} = {55FC8F0E-ED8E-4CA0-9402-2C555709E31B}
		{2787D492-BB9C-4E6A-8274-283E2EBB863E} = {55FC8F0E-ED8E-4CA0-9402-2C555709E31B}
		{C75532C4-765B-418E-B09B-46D36B2ABDB1} = {55FC8F0E-ED8E-4CA0-9402-2C555709E31B}
		{44A97DCB-128E-4842-9D0B-6A456F4FD904} = {2F4C5347-863C-4F73-A851-B56C4CC1D3F8}
		{DB4D6FF2-31F0-4EDE-9FBB-506CE803A191} = {2F4C5347-863C-4F73-A851-B56C4CC1D3F8}
		{F3877B68-0F91-4CC2-99B1-A5698F117C67} = {2F4C5347-863C-4F73-A851-B56C4CC1D3F8}
		{91CB43DA-D013-4AAD-A62E-A10E02694823} = {2F4C5347-863C-4F73-A851-B56C4CC1D3F8}
	EndGlobalSection
EndGlobal
